// !$*UTF8*$!
{
	archiveVersion = 1;
	classes = {
	};
	objectVersion = 46;
	objects = {

/* Begin PBXBuildFile section */
		F4242F411C173483005C95E5 /* Generation.cpp in Sources */ = {isa = PBXBuildFile; fileRef = F4242F3F1C173483005C95E5 /* Generation.cpp */; };
		F455C92B1C10E33300416D15 /* main.cpp in Sources */ = {isa = PBXBuildFile; fileRef = F455C92A1C10E33300416D15 /* main.cpp */; };
		F455C9321C11014700416D15 /* libcryptopp.a in Frameworks */ = {isa = PBXBuildFile; fileRef = F455C9311C11014700416D15 /* libcryptopp.a */; };
		F455C9351C1101C800416D15 /* libcrypto.a in Frameworks */ = {isa = PBXBuildFile; fileRef = F455C9331C1101A200416D15 /* libcrypto.a */; };
		F455C9381C11032200416D15 /* SHA.cpp in Sources */ = {isa = PBXBuildFile; fileRef = F455C9361C11032200416D15 /* SHA.cpp */; };
		F455C93B1C11039100416D15 /* DES.cpp in Sources */ = {isa = PBXBuildFile; fileRef = F455C9391C11039100416D15 /* DES.cpp */; };
		F48FCD3E1C28CAD900781FFF /* ReseedMech.cpp in Sources */ = {isa = PBXBuildFile; fileRef = F48FCD3C1C28CAD900781FFF /* ReseedMech.cpp */; };
/* End PBXBuildFile section */

/* Begin PBXCopyFilesBuildPhase section */
		F455C9251C10E33300416D15 /* CopyFiles */ = {
			isa = PBXCopyFilesBuildPhase;
			buildActionMask = 2147483647;
			dstPath = /usr/share/man/man1/;
			dstSubfolderSpec = 0;
			files = (
			);
			runOnlyForDeploymentPostprocessing = 1;
		};
/* End PBXCopyFilesBuildPhase section */

/* Begin PBXFileReference section */
		F4242F3F1C173483005C95E5 /* Generation.cpp */ = {isa = PBXFileReference; fileEncoding = 4; lastKnownFileType = sourcecode.cpp.cpp; path = Generation.cpp; sourceTree = "<group>"; };
		F4242F401C173483005C95E5 /* Generation.hpp */ = {isa = PBXFileReference; fileEncoding = 4; lastKnownFileType = sourcecode.cpp.h; path = Generation.hpp; sourceTree = "<group>"; };
		F455C9271C10E33300416D15 /* Yarrow 3 */ = {isa = PBXFileReference; explicitFileType = "compiled.mach-o.executable"; includeInIndex = 0; path = "Yarrow 3"; sourceTree = BUILT_PRODUCTS_DIR; };
		F455C92A1C10E33300416D15 /* main.cpp */ = {isa = PBXFileReference; lastKnownFileType = sourcecode.cpp.cpp; path = main.cpp; sourceTree = "<group>"; };
		F455C9311C11014700416D15 /* libcryptopp.a */ = {isa = PBXFileReference; lastKnownFileType = archive.ar; name = libcryptopp.a; path = ../../../../../../../usr/local/lib/libcryptopp.a; sourceTree = "<group>"; };
		F455C9331C1101A200416D15 /* libcrypto.a */ = {isa = PBXFileReference; lastKnownFileType = archive.ar; name = libcrypto.a; path = ../../../../../../../usr/local/lib/libcrypto.a; sourceTree = "<group>"; };
		F455C9361C11032200416D15 /* SHA.cpp */ = {isa = PBXFileReference; fileEncoding = 4; lastKnownFileType = sourcecode.cpp.cpp; path = SHA.cpp; sourceTree = "<group>"; };
		F455C9371C11032200416D15 /* SHA.hpp */ = {isa = PBXFileReference; fileEncoding = 4; lastKnownFileType = sourcecode.cpp.h; path = SHA.hpp; sourceTree = "<group>"; };
		F455C9391C11039100416D15 /* DES.cpp */ = {isa = PBXFileReference; fileEncoding = 4; lastKnownFileType = sourcecode.cpp.cpp; path = DES.cpp; sourceTree = "<group>"; };
		F455C93A1C11039100416D15 /* DES.hpp */ = {isa = PBXFileReference; fileEncoding = 4; lastKnownFileType = sourcecode.cpp.h; path = DES.hpp; sourceTree = "<group>"; };
		F48FCD3C1C28CAD900781FFF /* ReseedMech.cpp */ = {isa = PBXFileReference; fileEncoding = 4; lastKnownFileType = sourcecode.cpp.cpp; path = ReseedMech.cpp; sourceTree = "<group>"; };
		F48FCD3D1C28CAD900781FFF /* ReseedMech.hpp */ = {isa = PBXFileReference; fileEncoding = 4; lastKnownFileType = sourcecode.cpp.h; path = ReseedMech.hpp; sourceTree = "<group>"; };
/* End PBXFileReference section */

/* Begin PBXFrameworksBuildPhase section */
		F455C9241C10E33300416D15 /* Frameworks */ = {
			isa = PBXFrameworksBuildPhase;
			buildActionMask = 2147483647;
			files = (
				F455C9321C11014700416D15 /* libcryptopp.a in Frameworks */,
				F455C9351C1101C800416D15 /* libcrypto.a in Frameworks */,
			);
			runOnlyForDeploymentPostprocessing = 0;
		};
/* End PBXFrameworksBuildPhase section */

/* Begin PBXGroup section */
		F455C91E1C10E33300416D15 = {
			isa = PBXGroup;
			children = (
				F455C9331C1101A200416D15 /* libcrypto.a */,
				F455C9311C11014700416D15 /* libcryptopp.a */,
				F455C9291C10E33300416D15 /* Yarrow 3 */,
				F455C9281C10E33300416D15 /* Products */,
			);
			sourceTree = "<group>";
		};
		F455C9281C10E33300416D15 /* Products */ = {
			isa = PBXGroup;
			children = (
				F455C9271C10E33300416D15 /* Yarrow 3 */,
			);
			name = Products;
			sourceTree = "<group>";
		};
		F455C9291C10E33300416D15 /* Yarrow 3 */ = {
			isa = PBXGroup;
			children = (
				F455C92A1C10E33300416D15 /* main.cpp */,
				F4242F3F1C173483005C95E5 /* Generation.cpp */,
				F4242F401C173483005C95E5 /* Generation.hpp */,
				F48FCD3C1C28CAD900781FFF /* ReseedMech.cpp */,
				F48FCD3D1C28CAD900781FFF /* ReseedMech.hpp */,
				F455C9361C11032200416D15 /* SHA.cpp */,
				F455C9371C11032200416D15 /* SHA.hpp */,
				F455C9391C11039100416D15 /* DES.cpp */,
				F455C93A1C11039100416D15 /* DES.hpp */,
			);
			path = "Yarrow 3";
			sourceTree = "<group>";
		};
/* End PBXGroup section */

/* Begin PBXNativeTarget section */
		F455C9261C10E33300416D15 /* Yarrow 3 */ = {
			isa = PBXNativeTarget;
			buildConfigurationList = F455C92E1C10E33300416D15 /* Build configuration list for PBXNativeTarget "Yarrow 3" */;
			buildPhases = (
				F455C9231C10E33300416D15 /* Sources */,
				F455C9241C10E33300416D15 /* Frameworks */,
				F455C9251C10E33300416D15 /* CopyFiles */,
			);
			buildRules = (
			);
			dependencies = (
			);
			name = "Yarrow 3";
			productName = "Yarrow 3";
			productReference = F455C9271C10E33300416D15 /* Yarrow 3 */;
			productType = "com.apple.product-type.tool";
		};
/* End PBXNativeTarget section */

/* Begin PBXProject section */
		F455C91F1C10E33300416D15 /* Project object */ = {
			isa = PBXProject;
			attributes = {
				LastUpgradeCheck = 0710;
				ORGANIZATIONNAME = Home;
				TargetAttributes = {
					F455C9261C10E33300416D15 = {
						CreatedOnToolsVersion = 7.1.1;
					};
				};
			};
			buildConfigurationList = F455C9221C10E33300416D15 /* Build configuration list for PBXProject "Yarrow 3" */;
			compatibilityVersion = "Xcode 3.2";
			developmentRegion = English;
			hasScannedForEncodings = 0;
			knownRegions = (
				en,
			);
			mainGroup = F455C91E1C10E33300416D15;
			productRefGroup = F455C9281C10E33300416D15 /* Products */;
			projectDirPath = "";
			projectRoot = "";
			targets = (
				F455C9261C10E33300416D15 /* Yarrow 3 */,
			);
		};
/* End PBXProject section */

/* Begin PBXSourcesBuildPhase section */
		F455C9231C10E33300416D15 /* Sources */ = {
			isa = PBXSourcesBuildPhase;
			buildActionMask = 2147483647;
			files = (
				F455C93B1C11039100416D15 /* DES.cpp in Sources */,
				F455C9381C11032200416D15 /* SHA.cpp in Sources */,
				F48FCD3E1C28CAD900781FFF /* ReseedMech.cpp in Sources */,
				F455C92B1C10E33300416D15 /* main.cpp in Sources */,
				F4242F411C173483005C95E5 /* Generation.cpp in Sources */,
			);
			runOnlyForDeploymentPostprocessing = 0;
		};
/* End PBXSourcesBuildPhase section */

/* Begin XCBuildConfiguration section */
		F455C92C1C10E33300416D15 /* Debug */ = {
			isa = XCBuildConfiguration;
			buildSettings = {
				ALWAYS_SEARCH_USER_PATHS = YES;
				CLANG_CXX_LANGUAGE_STANDARD = "gnu++0x";
				CLANG_CXX_LIBRARY = "libc++";
				CLANG_ENABLE_MODULES = YES;
				CLANG_ENABLE_OBJC_ARC = YES;
				CLANG_WARN_BOOL_CONVERSION = YES;
				CLANG_WARN_CONSTANT_CONVERSION = YES;
				CLANG_WARN_DIRECT_OBJC_ISA_USAGE = YES_ERROR;
				CLANG_WARN_EMPTY_BODY = YES;
				CLANG_WARN_ENUM_CONVERSION = YES;
				CLANG_WARN_INT_CONVERSION = YES;
				CLANG_WARN_OBJC_ROOT_CLASS = YES_ERROR;
				CLANG_WARN_UNREACHABLE_CODE = YES;
				CLANG_WARN__DUPLICATE_METHOD_MATCH = YES;
				CODE_SIGN_IDENTITY = "-";
				COPY_PHASE_STRIP = NO;
				DEBUG_INFORMATION_FORMAT = dwarf;
				ENABLE_STRICT_OBJC_MSGSEND = YES;
				ENABLE_TESTABILITY = YES;
				GCC_C_LANGUAGE_STANDARD = gnu99;
				GCC_DYNAMIC_NO_PIC = NO;
				GCC_NO_COMMON_BLOCKS = YES;
				GCC_OPTIMIZATION_LEVEL = 0;
				GCC_PREPROCESSOR_DEFINITIONS = (
					"DEBUG=1",
					"$(inherited)",
				);
				GCC_WARN_64_TO_32_BIT_CONVERSION = YES;
				GCC_WARN_ABOUT_RETURN_TYPE = YES_ERROR;
				GCC_WARN_UNDECLARED_SELECTOR = YES;
				GCC_WARN_UNINITIALIZED_AUTOS = YES_AGGRESSIVE;
				GCC_WARN_UNUSED_FUNCTION = YES;
				GCC_WARN_UNUSED_VARIABLE = YES;
				HEADER_SEARCH_PATHS = /usr/local/include/;
				LIBRARY_SEARCH_PATHS = /usr/local/lib/;
				MACOSX_DEPLOYMENT_TARGET = 10.11;
				MTL_ENABLE_DEBUG_INFO = YES;
				ONLY_ACTIVE_ARCH = YES;
				SDKROOT = macosx;
				USER_HEADER_SEARCH_PATHS = /usr/local/include/;
			};
			name = Debug;
		};
		F455C92D1C10E33300416D15 /* Release */ = {
			isa = XCBuildConfiguration;
			buildSettings = {
				ALWAYS_SEARCH_USER_PATHS = YES;
				CLANG_CXX_LANGUAGE_STANDARD = "gnu++0x";
				CLANG_CXX_LIBRARY = "libc++";
				CLANG_ENABLE_MODULES = YES;
				CLANG_ENABLE_OBJC_ARC = YES;
				CLANG_WARN_BOOL_CONVERSION = YES;
				CLANG_WARN_CONSTANT_CONVERSION = YES;
				CLANG_WARN_DIRECT_OBJC_ISA_USAGE = YES_ERROR;
				CLANG_WARN_EMPTY_BODY = YES;
				CLANG_WARN_ENUM_CONVERSION = YES;
				CLANG_WARN_INT_CONVERSION = YES;
				CLANG_WARN_OBJC_ROOT_CLASS = YES_ERROR;
				CLANG_WARN_UNREACHABLE_CODE = YES;
				CLANG_WARN__DUPLICATE_METHOD_MATCH = YES;
				CODE_SIGN_IDENTITY = "-";
				COPY_PHASE_STRIP = NO;
				DEBUG_INFORMATION_FORMAT = "dwarf-with-dsym";
				ENABLE_NS_ASSERTIONS = NO;
				ENABLE_STRICT_OBJC_MSGSEND = YES;
				GCC_C_LANGUAGE_STANDARD = gnu99;
				GCC_NO_COMMON_BLOCKS = YES;
				GCC_WARN_64_TO_32_BIT_CONVERSION = YES;
				GCC_WARN_ABOUT_RETURN_TYPE = YES_ERROR;
				GCC_WARN_UNDECLARED_SELECTOR = YES;
				GCC_WARN_UNINITIALIZED_AUTOS = YES_AGGRESSIVE;
				GCC_WARN_UNUSED_FUNCTION = YES;
				GCC_WARN_UNUSED_VARIABLE = YES;
				HEADER_SEARCH_PATHS = /usr/local/include/;
				LIBRARY_SEARCH_PATHS = /usr/local/lib/;
				MACOSX_DEPLOYMENT_TARGET = 10.11;
				MTL_ENABLE_DEBUG_INFO = NO;
				SDKROOT = macosx;
				USER_HEADER_SEARCH_PATHS = /usr/local/include/;
			};
			name = Release;
		};
		F455C92F1C10E33300416D15 /* Debug */ = {
			isa = XCBuildConfiguration;
			buildSettings = {
				PRODUCT_NAME = "$(TARGET_NAME)";
			};
			name = Debug;
		};
		F455C9301C10E33300416D15 /* Release */ = {
			isa = XCBuildConfiguration;
			buildSettings = {
				PRODUCT_NAME = "$(TARGET_NAME)";
			};
			name = Release;
		};
/* End XCBuildConfiguration section */

/* Begin XCConfigurationList section */
		F455C9221C10E33300416D15 /* Build configuration list for PBXProject "Yarrow 3" */ = {
			isa = XCConfigurationList;
			buildConfigurations = (
				F455C92C1C10E33300416D15 /* Debug */,
				F455C92D1C10E33300416D15 /* Release */,
			);
			defaultConfigurationIsVisible = 0;
			defaultConfigurationName = Release;
		};
		F455C92E1C10E33300416D15 /* Build configuration list for PBXNativeTarget "Yarrow 3" */ = {
			isa = XCConfigurationList;
			buildConfigurations = (
				F455C92F1C10E33300416D15 /* Debug */,
				F455C9301C10E33300416D15 /* Release */,
			);
			defaultConfigurationIsVisible = 0;
			defaultConfigurationName = Release;
		};
/* End XCConfigurationList section */
	};
	rootObject = F455C91F1C10E33300416D15 /* Project object */;
}
